
Microsoft Visual Studio Solution File, Format Version 12.00
# Visual Studio Version 17
VisualStudioVersion = 17.11.35222.181
MinimumVisualStudioVersion = 10.0.40219.1
Project("{FAE04EC0-301F-11D3-BF4B-00C04F79EFBC}") = "UP02.01", "UP02.01\UP02.01.csproj", "{62859774-26D3-4FAF-8382-D46ACD97F46E}"
EndProject
Project("{FAE04EC0-301F-11D3-BF4B-00C04F79EFBC}") = "UnitTests", "UnitTests\UnitTests.csproj", "{00ACEA7C-1681-4900-BCB6-EC7DA25476C3}"
EndProject
Global
	GlobalSection(SolutionConfigurationPlatforms) = preSolution
		Debug|Any CPU = Debug|Any CPU
		Release|Any CPU = Release|Any CPU
	EndGlobalSection
	GlobalSection(ProjectConfigurationPlatforms) = postSolution
		{62859774-26D3-4FAF-8382-D46ACD97F46E}.Debug|Any CPU.ActiveCfg = Debug|Any CPU
		{62859774-26D3-4FAF-8382-D46ACD97F46E}.Debug|Any CPU.Build.0 = Debug|Any CPU
		{62859774-26D3-4FAF-8382-D46ACD97F46E}.Release|Any CPU.ActiveCfg = Release|Any CPU
		{62859774-26D3-4FAF-8382-D46ACD97F46E}.Release|Any CPU.Build.0 = Release|Any CPU
		{00ACEA7C-1681-4900-BCB6-EC7DA25476C3}.Debug|Any CPU.ActiveCfg = Debug|Any CPU
		{00ACEA7C-1681-4900-BCB6-EC7DA25476C3}.Debug|Any CPU.Build.0 = Debug|Any CPU
		{00ACEA7C-1681-4900-BCB6-EC7DA25476C3}.Release|Any CPU.ActiveCfg = Release|Any CPU
		{00ACEA7C-1681-4900-BCB6-EC7DA25476C3}.Release|Any CPU.Build.0 = Release|Any CPU
	EndGlobalSection
	GlobalSection(SolutionProperties) = preSolution
		HideSolutionNode = FALSE
	EndGlobalSection
	GlobalSection(ExtensibilityGlobals) = postSolution
		SolutionGuid = {D8C26537-2752-42C7-8FB9-1D8DB39A6F07}
	EndGlobalSection
EndGlobal
